<Solution>
  <Folder Name="/.solution/">
    <File Path=".editorconfig" />
    <File Path="Directory.Build.props" />
    <File Path="Directory.Packages.props" />
    <File Path="docker-compose.yml" />
    <File Path="global.json" />
    <File Path="LICENSE" />
    <File Path="README.md" />
  </Folder>
  <Folder Name="/src/">
    <Project Path="src/XtreamForge.AppHost/XtreamForge.AppHost.csproj" />
    <Project Path="src/XtreamForge.Blazor/XtreamForge.Blazor.csproj" />
    <Project Path="src/XtreamForge.ServiceDefaults/XtreamForge.ServiceDefaults.csproj" />
    <Project Path="src/XtreamForge/XtreamForge.csproj" />
  </Folder>
  <Folder Name="/tests/">
    <Project Path="tests/XtreamForge.Tests/XtreamForge.Tests.csproj" />
  </Folder>
</Solution>
